
Microsoft Visual Studio Solution File, Format Version 12.00
# Visual Studio Version 17
VisualStudioVersion = 17.6.33815.320
MinimumVisualStudioVersion = 10.0.40219.1
Project("{9A19103F-16F7-4668-BE54-9A1E7A4F7556}") = "HackathonWebAPI", "HackathonWebAPI\HackathonWebAPI.csproj", "{F4E60C1B-67A6-49C9-A94E-55CB17CAB644}"
EndProject
Project("{9A19103F-16F7-4668-BE54-9A1E7A4F7556}") = "HackathonWeb", "HackathonWeb\HackathonWeb.csproj", "{B93AD7C6-760C-4468-80F3-A802CBE63D31}"
EndProject
Project("{00D1A9C2-B5F0-4AF3-8072-F6C62B433612}") = "HackathonDB", "HackathonDB\HackathonDB.sqlproj", "{CBF70D40-1521-4306-9E71-4C52B70B90F6}"
EndProject
Project("{FAE04EC0-301F-11D3-BF4B-00C04F79EFBC}") = "QuestionAnsweringSampleCode", "QuestionAnsweringSampleCode\QuestionAnsweringSampleCode.csproj", "{6A273BF6-A43C-4D9E-ADC4-865F9F415722}"
EndProject
Global
	GlobalSection(SolutionConfigurationPlatforms) = preSolution
		Debug|Any CPU = Debug|Any CPU
		Release|Any CPU = Release|Any CPU
	EndGlobalSection
	GlobalSection(ProjectConfigurationPlatforms) = postSolution
		{F4E60C1B-67A6-49C9-A94E-55CB17CAB644}.Debug|Any CPU.ActiveCfg = Debug|Any CPU
		{F4E60C1B-67A6-49C9-A94E-55CB17CAB644}.Debug|Any CPU.Build.0 = Debug|Any CPU
		{F4E60C1B-67A6-49C9-A94E-55CB17CAB644}.Release|Any CPU.ActiveCfg = Release|Any CPU
		{F4E60C1B-67A6-49C9-A94E-55CB17CAB644}.Release|Any CPU.Build.0 = Release|Any CPU
		{B93AD7C6-760C-4468-80F3-A802CBE63D31}.Debug|Any CPU.ActiveCfg = Debug|Any CPU
		{B93AD7C6-760C-4468-80F3-A802CBE63D31}.Debug|Any CPU.Build.0 = Debug|Any CPU
		{B93AD7C6-760C-4468-80F3-A802CBE63D31}.Release|Any CPU.ActiveCfg = Release|Any CPU
		{B93AD7C6-760C-4468-80F3-A802CBE63D31}.Release|Any CPU.Build.0 = Release|Any CPU
		{CBF70D40-1521-4306-9E71-4C52B70B90F6}.Debug|Any CPU.ActiveCfg = Debug|Any CPU
		{CBF70D40-1521-4306-9E71-4C52B70B90F6}.Debug|Any CPU.Build.0 = Debug|Any CPU
		{CBF70D40-1521-4306-9E71-4C52B70B90F6}.Debug|Any CPU.Deploy.0 = Debug|Any CPU
		{CBF70D40-1521-4306-9E71-4C52B70B90F6}.Release|Any CPU.ActiveCfg = Release|Any CPU
		{CBF70D40-1521-4306-9E71-4C52B70B90F6}.Release|Any CPU.Build.0 = Release|Any CPU
		{CBF70D40-1521-4306-9E71-4C52B70B90F6}.Release|Any CPU.Deploy.0 = Release|Any CPU
		{6A273BF6-A43C-4D9E-ADC4-865F9F415722}.Debug|Any CPU.ActiveCfg = Debug|Any CPU
		{6A273BF6-A43C-4D9E-ADC4-865F9F415722}.Debug|Any CPU.Build.0 = Debug|Any CPU
		{6A273BF6-A43C-4D9E-ADC4-865F9F415722}.Release|Any CPU.ActiveCfg = Release|Any CPU
		{6A273BF6-A43C-4D9E-ADC4-865F9F415722}.Release|Any CPU.Build.0 = Release|Any CPU
	EndGlobalSection
	GlobalSection(SolutionProperties) = preSolution
		HideSolutionNode = FALSE
	EndGlobalSection
	GlobalSection(ExtensibilityGlobals) = postSolution
		SolutionGuid = {4BD13EFC-ED89-408A-814D-3914362F4A73}
	EndGlobalSection
EndGlobal
